
Microsoft Visual Studio Solution File, Format Version 12.00
Project("{2150E333-8FDC-42A3-9474-1A3956D46DE8}") = "PipeDemo", "PipeDemo", "{C425AD6B-B256-49CB-A5A4-29885C367C14}"
EndProject
Project("{FAE04EC0-301F-11D3-BF4B-00C04F79EFBC}") = "PipeDemo", "PipeDemo\PipeDemo\PipeDemo.csproj", "{E4EA67F3-B996-4009-A2EB-B92007EC8D8F}"
EndProject
Project("{2150E333-8FDC-42A3-9474-1A3956D46DE8}") = "IocDemoByConstructor", "IocDemoByConstructor", "{3057C16E-82AF-40FE-899C-B14B302C955B}"
EndProject
Project("{FAE04EC0-301F-11D3-BF4B-00C04F79EFBC}") = "IOCDemoByConstructor", "IOCDemoByConstructor\IOCDemoByConstructor.csproj", "{F90FCB94-EA36-4A1B-A25E-3D64B4A483A6}"
EndProject
Project("{2150E333-8FDC-42A3-9474-1A3956D46DE8}") = "IocDemoLifetime", "IocDemoLifetime", "{6A549299-FC4C-43D8-B02F-FFCCF5A41E6E}"
EndProject
Project("{FAE04EC0-301F-11D3-BF4B-00C04F79EFBC}") = "IOCDemoLifetime", "IOCDemoLifetime\IOCDemoLifetime.csproj", "{18CDE508-D355-4E6A-A7A4-40CF45D55073}"
EndProject
Project("{2150E333-8FDC-42A3-9474-1A3956D46DE8}") = "HangfireDemo", "HangfireDemo", "{AE62D61B-60D9-40DF-ABDE-0B12EDD5434D}"
EndProject
Project("{FAE04EC0-301F-11D3-BF4B-00C04F79EFBC}") = "HangfireDemo.Api", "HangfireDemo.Api\HangfireDemo.Api.csproj", "{AEE09870-187F-45FB-890D-35DB8999CC3D}"
EndProject
Project("{FAE04EC0-301F-11D3-BF4B-00C04F79EFBC}") = "HangfireDemo.Core", "HangfireDemo.Core\HangfireDemo.Core.csproj", "{84639407-1C77-4339-ACAC-FA229B1EDA01}"
EndProject
Global
	GlobalSection(SolutionConfigurationPlatforms) = preSolution
		Debug|Any CPU = Debug|Any CPU
		Release|Any CPU = Release|Any CPU
	EndGlobalSection
	GlobalSection(ProjectConfigurationPlatforms) = postSolution
		{E4EA67F3-B996-4009-A2EB-B92007EC8D8F}.Debug|Any CPU.ActiveCfg = Debug|Any CPU
		{E4EA67F3-B996-4009-A2EB-B92007EC8D8F}.Debug|Any CPU.Build.0 = Debug|Any CPU
		{E4EA67F3-B996-4009-A2EB-B92007EC8D8F}.Release|Any CPU.ActiveCfg = Release|Any CPU
		{E4EA67F3-B996-4009-A2EB-B92007EC8D8F}.Release|Any CPU.Build.0 = Release|Any CPU
		{F90FCB94-EA36-4A1B-A25E-3D64B4A483A6}.Debug|Any CPU.ActiveCfg = Debug|Any CPU
		{F90FCB94-EA36-4A1B-A25E-3D64B4A483A6}.Debug|Any CPU.Build.0 = Debug|Any CPU
		{F90FCB94-EA36-4A1B-A25E-3D64B4A483A6}.Release|Any CPU.ActiveCfg = Release|Any CPU
		{F90FCB94-EA36-4A1B-A25E-3D64B4A483A6}.Release|Any CPU.Build.0 = Release|Any CPU
		{18CDE508-D355-4E6A-A7A4-40CF45D55073}.Debug|Any CPU.ActiveCfg = Debug|Any CPU
		{18CDE508-D355-4E6A-A7A4-40CF45D55073}.Debug|Any CPU.Build.0 = Debug|Any CPU
		{18CDE508-D355-4E6A-A7A4-40CF45D55073}.Release|Any CPU.ActiveCfg = Release|Any CPU
		{18CDE508-D355-4E6A-A7A4-40CF45D55073}.Release|Any CPU.Build.0 = Release|Any CPU
		{AEE09870-187F-45FB-890D-35DB8999CC3D}.Debug|Any CPU.ActiveCfg = Debug|Any CPU
		{AEE09870-187F-45FB-890D-35DB8999CC3D}.Debug|Any CPU.Build.0 = Debug|Any CPU
		{AEE09870-187F-45FB-890D-35DB8999CC3D}.Release|Any CPU.ActiveCfg = Release|Any CPU
		{AEE09870-187F-45FB-890D-35DB8999CC3D}.Release|Any CPU.Build.0 = Release|Any CPU
		{84639407-1C77-4339-ACAC-FA229B1EDA01}.Debug|Any CPU.ActiveCfg = Debug|Any CPU
		{84639407-1C77-4339-ACAC-FA229B1EDA01}.Debug|Any CPU.Build.0 = Debug|Any CPU
		{84639407-1C77-4339-ACAC-FA229B1EDA01}.Release|Any CPU.ActiveCfg = Release|Any CPU
		{84639407-1C77-4339-ACAC-FA229B1EDA01}.Release|Any CPU.Build.0 = Release|Any CPU
	EndGlobalSection
	GlobalSection(NestedProjects) = preSolution
		{E4EA67F3-B996-4009-A2EB-B92007EC8D8F} = {C425AD6B-B256-49CB-A5A4-29885C367C14}
		{F90FCB94-EA36-4A1B-A25E-3D64B4A483A6} = {3057C16E-82AF-40FE-899C-B14B302C955B}
		{18CDE508-D355-4E6A-A7A4-40CF45D55073} = {6A549299-FC4C-43D8-B02F-FFCCF5A41E6E}
		{AEE09870-187F-45FB-890D-35DB8999CC3D} = {AE62D61B-60D9-40DF-ABDE-0B12EDD5434D}
		{84639407-1C77-4339-ACAC-FA229B1EDA01} = {AE62D61B-60D9-40DF-ABDE-0B12EDD5434D}
	EndGlobalSection
EndGlobal
